
Microsoft Visual Studio Solution File, Format Version 12.00
# Visual Studio Version 16
VisualStudioVersion = 16.0.30523.141
MinimumVisualStudioVersion = 10.0.40219.1
Project("{9A19103F-16F7-4668-BE54-9A1E7A4F7556}") = "Semester_2_Laboratory_3", "Semester_2_Laboratory_3\Semester_2_Laboratory_3.csproj", "{F21E7982-C973-4391-9611-FDAB935C8914}"
EndProject
Project("{FAE04EC0-301F-11D3-BF4B-00C04F79EFBC}") = "Task 2", "Task 2\Task 2.csproj", "{311FC3BB-F0E6-4AED-92E4-661DDE798EA9}"
EndProject
Global
	GlobalSection(SolutionConfigurationPlatforms) = preSolution
		Debug|Any CPU = Debug|Any CPU
		Release|Any CPU = Release|Any CPU
	EndGlobalSection
	GlobalSection(ProjectConfigurationPlatforms) = postSolution
		{F21E7982-C973-4391-9611-FDAB935C8914}.Debug|Any CPU.ActiveCfg = Debug|Any CPU
		{F21E7982-C973-4391-9611-FDAB935C8914}.Debug|Any CPU.Build.0 = Debug|Any CPU
		{F21E7982-C973-4391-9611-FDAB935C8914}.Release|Any CPU.ActiveCfg = Release|Any CPU
		{F21E7982-C973-4391-9611-FDAB935C8914}.Release|Any CPU.Build.0 = Release|Any CPU
		{311FC3BB-F0E6-4AED-92E4-661DDE798EA9}.Debug|Any CPU.ActiveCfg = Debug|Any CPU
		{311FC3BB-F0E6-4AED-92E4-661DDE798EA9}.Debug|Any CPU.Build.0 = Debug|Any CPU
		{311FC3BB-F0E6-4AED-92E4-661DDE798EA9}.Release|Any CPU.ActiveCfg = Release|Any CPU
		{311FC3BB-F0E6-4AED-92E4-661DDE798EA9}.Release|Any CPU.Build.0 = Release|Any CPU
	EndGlobalSection
	GlobalSection(SolutionProperties) = preSolution
		HideSolutionNode = FALSE
	EndGlobalSection
	GlobalSection(ExtensibilityGlobals) = postSolution
		SolutionGuid = {E241683E-DE70-4EBF-836F-2F16A4E3933E}
	EndGlobalSection
EndGlobal
